{
  "name": "wyr-template",
  "lockfileVersion": 3,
  "requires": true,
  "packages": {
    "": {
      "name": "wyr-template",
      "dependencies": {
        "@iconify-json/noto": "^1.2.7",
        "gsap": "^3.15.0"
      }
    },
    "node_modules/@iconify-json/noto": {
      "version": "1.2.7",
      "resolved": "https://registry.npmjs.org/@iconify-json/noto/-/noto-1.2.7.tgz",
      "integrity": "sha512-2pNHliXnMLpnepNTZwR9hPBSl6GmhIfXPnudFCHY5v9pJhmA7LoVb/pFY0qLDY/k+3ikET8RXRf7XFxc/pHObA==",
      "license": "Apache-2.0",
      "dependencies": {
        "@iconify/types": "*"
      }
    },
    "node_modules/@iconify/types": {
      "version": "2.0.0",
      "resolved": "https://registry.npmjs.org/@iconify/types/-/types-2.0.0.tgz",
      "integrity": "sha512-+wluvCrRhXrhyOmRDJ3q8mux9JkKy5SJ/v8ol2tu4FVjyYvtEzkc/3pK15ET6RKg4b4w4BmTk1+gsCUhf21Ykg==",
      "license": "MIT"
    },
    "node_modules/gsap": {
      "version": "3.15.0",
      "resolved": "https://registry.npmjs.org/gsap/-/gsap-3.15.0.tgz",
      "integrity": "sha512-dMW4CWBTUK1AEEDeZc1g4xpPGIrSf9fJF960qbTZmN/QwZIWY5wgliS6JWl9/25fpTGJrMRtSjGtOmPnfjZB+A==",
      "license": "Standard 'no charge' license: https://gsap.com/standard-license."
    }
  }
}
